
Microsoft Visual Studio Solution File, Format Version 12.00
# Visual Studio Version 17
VisualStudioVersion = 17.12.35527.113 d17.12
MinimumVisualStudioVersion = 10.0.40219.1
Project("{FAE04EC0-301F-11D3-BF4B-00C04F79EFBC}") = "ednevnik", "ednevnik.csproj", "{B8B6E46B-ED33-4693-A399-9B871FE564DA}"
EndProject
Global
	GlobalSection(SolutionConfigurationPlatforms) = preSolution
		Debug|Any CPU = Debug|Any CPU
		Release|Any CPU = Release|Any CPU
	EndGlobalSection
	GlobalSection(ProjectConfigurationPlatforms) = postSolution
		{B8B6E46B-ED33-4693-A399-9B871FE564DA}.Debug|Any CPU.ActiveCfg = Debug|Any CPU
		{B8B6E46B-ED33-4693-A399-9B871FE564DA}.Debug|Any CPU.Build.0 = Debug|Any CPU
		{B8B6E46B-ED33-4693-A399-9B871FE564DA}.Release|Any CPU.ActiveCfg = Release|Any CPU
		{B8B6E46B-ED33-4693-A399-9B871FE564DA}.Release|Any CPU.Build.0 = Release|Any CPU
	EndGlobalSection
	GlobalSection(SolutionProperties) = preSolution
		HideSolutionNode = FALSE
	EndGlobalSection
EndGlobal
